
Microsoft Visual Studio Solution File, Format Version 12.00
# Visual Studio 15
VisualStudioVersion = 15.0.26403.3
MinimumVisualStudioVersion = 10.0.40219.1
Project("{FAE04EC0-301F-11D3-BF4B-00C04F79EFBC}") = "ShowMe", "ShowMe\ShowMe.csproj", "{F304312F-F6CC-416D-B15E-560591E81546}"
EndProject
Project("{FAE04EC0-301F-11D3-BF4B-00C04F79EFBC}") = "ShowMe.Tests", "ShowMe.Tests\ShowMe.Tests.csproj", "{83683140-BE10-438D-B4C2-AA0D3BE70C26}"
EndProject
Global
	GlobalSection(SolutionConfigurationPlatforms) = preSolution
		Debug|Any CPU = Debug|Any CPU
		Release|Any CPU = Release|Any CPU
	EndGlobalSection
	GlobalSection(ProjectConfigurationPlatforms) = postSolution
		{F304312F-F6CC-416D-B15E-560591E81546}.Debug|Any CPU.ActiveCfg = Debug|Any CPU
		{F304312F-F6CC-416D-B15E-560591E81546}.Debug|Any CPU.Build.0 = Debug|Any CPU
		{F304312F-F6CC-416D-B15E-560591E81546}.Release|Any CPU.ActiveCfg = Release|Any CPU
		{F304312F-F6CC-416D-B15E-560591E81546}.Release|Any CPU.Build.0 = Release|Any CPU
		{83683140-BE10-438D-B4C2-AA0D3BE70C26}.Debug|Any CPU.ActiveCfg = Debug|Any CPU
		{83683140-BE10-438D-B4C2-AA0D3BE70C26}.Debug|Any CPU.Build.0 = Debug|Any CPU
		{83683140-BE10-438D-B4C2-AA0D3BE70C26}.Release|Any CPU.ActiveCfg = Release|Any CPU
		{83683140-BE10-438D-B4C2-AA0D3BE70C26}.Release|Any CPU.Build.0 = Release|Any CPU
	EndGlobalSection
	GlobalSection(SolutionProperties) = preSolution
		HideSolutionNode = FALSE
	EndGlobalSection
EndGlobal
